
Microsoft Visual Studio Solution File, Format Version 12.00
# Visual Studio Version 17
VisualStudioVersion = 17.4.33205.214
MinimumVisualStudioVersion = 10.0.40219.1
Project("{9A19103F-16F7-4668-BE54-9A1E7A4F7556}") = "Simulado", "Simulado.csproj", "{3888F904-0414-4B52-B00B-4F757B6E2052}"
EndProject
Project("{9A19103F-16F7-4668-BE54-9A1E7A4F7556}") = "Simulado.Service", "..\Simulado.Service\Simulado.Service.csproj", "{A477817C-3FE8-4AC6-BB28-150C3014ADBD}"
EndProject
Project("{9A19103F-16F7-4668-BE54-9A1E7A4F7556}") = "Simulado.Dominio", "..\Simulado.Dominio\Simulado.Dominio.csproj", "{803EB600-397F-41A0-9189-D362A9217D85}"
EndProject
Project("{9A19103F-16F7-4668-BE54-9A1E7A4F7556}") = "Simulado.Repositorio", "..\Simulado.Repositorio\Simulado.Repositorio.csproj", "{9893692B-9B90-46DB-8BE4-ED16C6E08A4F}"
EndProject
Project("{9A19103F-16F7-4668-BE54-9A1E7A4F7556}") = "Simulado.Fila", "..\Simulado.Fila\Simulado.Fila.csproj", "{5218E529-A587-4D20-AB71-A0C7C8DAFFB8}"
EndProject
Project("{9A19103F-16F7-4668-BE54-9A1E7A4F7556}") = "Simulado.RelatorioResposta", "..\Simulado.RelatorioResposta\Simulado.RelatorioResposta.csproj", "{C227584A-39D0-4BC1-A850-F210C1948073}"
EndProject
Project("{2150E333-8FDC-42A3-9474-1A3956D46DE8}") = "Services", "Services", "{56054F07-06A3-4EFD-A13A-4D902FFFFF87}"
EndProject
Project("{FAE04EC0-301F-11D3-BF4B-00C04F79EFBC}") = "Simulado.ResponderQuestao", "..\Simulado.ResponderQuestao\Simulado.ResponderQuestao.csproj", "{B217880B-36BD-4451-AC62-BEFD5A544E03}"
EndProject
Global
	GlobalSection(SolutionConfigurationPlatforms) = preSolution
		Debug|Any CPU = Debug|Any CPU
		Release|Any CPU = Release|Any CPU
	EndGlobalSection
	GlobalSection(ProjectConfigurationPlatforms) = postSolution
		{3888F904-0414-4B52-B00B-4F757B6E2052}.Debug|Any CPU.ActiveCfg = Debug|Any CPU
		{3888F904-0414-4B52-B00B-4F757B6E2052}.Debug|Any CPU.Build.0 = Debug|Any CPU
		{3888F904-0414-4B52-B00B-4F757B6E2052}.Release|Any CPU.ActiveCfg = Release|Any CPU
		{3888F904-0414-4B52-B00B-4F757B6E2052}.Release|Any CPU.Build.0 = Release|Any CPU
		{A477817C-3FE8-4AC6-BB28-150C3014ADBD}.Debug|Any CPU.ActiveCfg = Debug|Any CPU
		{A477817C-3FE8-4AC6-BB28-150C3014ADBD}.Debug|Any CPU.Build.0 = Debug|Any CPU
		{A477817C-3FE8-4AC6-BB28-150C3014ADBD}.Release|Any CPU.ActiveCfg = Release|Any CPU
		{A477817C-3FE8-4AC6-BB28-150C3014ADBD}.Release|Any CPU.Build.0 = Release|Any CPU
		{803EB600-397F-41A0-9189-D362A9217D85}.Debug|Any CPU.ActiveCfg = Debug|Any CPU
		{803EB600-397F-41A0-9189-D362A9217D85}.Debug|Any CPU.Build.0 = Debug|Any CPU
		{803EB600-397F-41A0-9189-D362A9217D85}.Release|Any CPU.ActiveCfg = Release|Any CPU
		{803EB600-397F-41A0-9189-D362A9217D85}.Release|Any CPU.Build.0 = Release|Any CPU
		{9893692B-9B90-46DB-8BE4-ED16C6E08A4F}.Debug|Any CPU.ActiveCfg = Debug|Any CPU
		{9893692B-9B90-46DB-8BE4-ED16C6E08A4F}.Debug|Any CPU.Build.0 = Debug|Any CPU
		{9893692B-9B90-46DB-8BE4-ED16C6E08A4F}.Release|Any CPU.ActiveCfg = Release|Any CPU
		{9893692B-9B90-46DB-8BE4-ED16C6E08A4F}.Release|Any CPU.Build.0 = Release|Any CPU
		{5218E529-A587-4D20-AB71-A0C7C8DAFFB8}.Debug|Any CPU.ActiveCfg = Debug|Any CPU
		{5218E529-A587-4D20-AB71-A0C7C8DAFFB8}.Debug|Any CPU.Build.0 = Debug|Any CPU
		{5218E529-A587-4D20-AB71-A0C7C8DAFFB8}.Release|Any CPU.ActiveCfg = Release|Any CPU
		{5218E529-A587-4D20-AB71-A0C7C8DAFFB8}.Release|Any CPU.Build.0 = Release|Any CPU
		{C227584A-39D0-4BC1-A850-F210C1948073}.Debug|Any CPU.ActiveCfg = Debug|Any CPU
		{C227584A-39D0-4BC1-A850-F210C1948073}.Debug|Any CPU.Build.0 = Debug|Any CPU
		{C227584A-39D0-4BC1-A850-F210C1948073}.Release|Any CPU.ActiveCfg = Release|Any CPU
		{C227584A-39D0-4BC1-A850-F210C1948073}.Release|Any CPU.Build.0 = Release|Any CPU
		{B217880B-36BD-4451-AC62-BEFD5A544E03}.Debug|Any CPU.ActiveCfg = Debug|Any CPU
		{B217880B-36BD-4451-AC62-BEFD5A544E03}.Debug|Any CPU.Build.0 = Debug|Any CPU
		{B217880B-36BD-4451-AC62-BEFD5A544E03}.Release|Any CPU.ActiveCfg = Release|Any CPU
		{B217880B-36BD-4451-AC62-BEFD5A544E03}.Release|Any CPU.Build.0 = Release|Any CPU
	EndGlobalSection
	GlobalSection(SolutionProperties) = preSolution
		HideSolutionNode = FALSE
	EndGlobalSection
	GlobalSection(NestedProjects) = preSolution
		{C227584A-39D0-4BC1-A850-F210C1948073} = {56054F07-06A3-4EFD-A13A-4D902FFFFF87}
		{B217880B-36BD-4451-AC62-BEFD5A544E03} = {56054F07-06A3-4EFD-A13A-4D902FFFFF87}
	EndGlobalSection
	GlobalSection(ExtensibilityGlobals) = postSolution
		SolutionGuid = {5D22D5A7-73AB-45D1-90F5-83133D32C468}
	EndGlobalSection
EndGlobal
